
Microsoft Visual Studio Solution File, Format Version 12.00
# Visual Studio 15
VisualStudioVersion = 15.0.27130.2027
MinimumVisualStudioVersion = 10.0.40219.1
Project("{FAE04EC0-301F-11D3-BF4B-00C04F79EFBC}") = "TokenBasedAuth", "TokenBasedAuth\TokenBasedAuth.csproj", "{91FDE246-2428-4F81-976B-700D25F2B7EC}"
EndProject
Global
	GlobalSection(SolutionConfigurationPlatforms) = preSolution
		Debug|Any CPU = Debug|Any CPU
		Release|Any CPU = Release|Any CPU
	EndGlobalSection
	GlobalSection(ProjectConfigurationPlatforms) = postSolution
		{91FDE246-2428-4F81-976B-700D25F2B7EC}.Debug|Any CPU.ActiveCfg = Debug|Any CPU
		{91FDE246-2428-4F81-976B-700D25F2B7EC}.Debug|Any CPU.Build.0 = Debug|Any CPU
		{91FDE246-2428-4F81-976B-700D25F2B7EC}.Release|Any CPU.ActiveCfg = Release|Any CPU
		{91FDE246-2428-4F81-976B-700D25F2B7EC}.Release|Any CPU.Build.0 = Release|Any CPU
	EndGlobalSection
	GlobalSection(SolutionProperties) = preSolution
		HideSolutionNode = FALSE
	EndGlobalSection
	GlobalSection(ExtensibilityGlobals) = postSolution
		SolutionGuid = {CE267A3C-88D6-45A1-86D1-470108D3FEC6}
	EndGlobalSection
EndGlobal
